// !$*UTF8*$!
{
	archiveVersion = 1;
	classes = {
	};
	objectVersion = 56;
	objects = {

/* Begin PBXBuildFile section */
		99CF6B6D2B5D2DA8006EDB98 /* TaskVisionApp.swift in Sources */ = {isa = PBXBuildFile; fileRef = 99CF6B6C2B5D2DA8006EDB98 /* TaskVisionApp.swift */; };
		99CF6B6F2B5D2DA8006EDB98 /* ContentView.swift in Sources */ = {isa = PBXBuildFile; fileRef = 99CF6B6E2B5D2DA8006EDB98 /* ContentView.swift */; };
		99CF6B712B5D2DA8006EDB98 /* Item.swift in Sources */ = {isa = PBXBuildFile; fileRef = 99CF6B702B5D2DA8006EDB98 /* Item.swift */; };
		99CF6B732B5D2DA9006EDB98 /* Assets.xcassets in Resources */ = {isa = PBXBuildFile; fileRef = 99CF6B722B5D2DA9006EDB98 /* Assets.xcassets */; };
		99CF6B762B5D2DA9006EDB98 /* Preview Assets.xcassets in Resources */ = {isa = PBXBuildFile; fileRef = 99CF6B752B5D2DA9006EDB98 /* Preview Assets.xcassets */; };
		99CF6B802B5D2DA9006EDB98 /* TaskVisionTests.swift in Sources */ = {isa = PBXBuildFile; fileRef = 99CF6B7F2B5D2DA9006EDB98 /* TaskVisionTests.swift */; };
		99CF6B8A2B5D2DA9006EDB98 /* TaskVisionUITests.swift in Sources */ = {isa = PBXBuildFile; fileRef = 99CF6B892B5D2DA9006EDB98 /* TaskVisionUITests.swift */; };
		99CF6B8C2B5D2DA9006EDB98 /* TaskVisionUITestsLaunchTests.swift in Sources */ = {isa = PBXBuildFile; fileRef = 99CF6B8B2B5D2DA9006EDB98 /* TaskVisionUITestsLaunchTests.swift */; };
/* End PBXBuildFile section */

/* Begin PBXContainerItemProxy section */
		99CF6B7C2B5D2DA9006EDB98 /* PBXContainerItemProxy */ = {
			isa = PBXContainerItemProxy;
			containerPortal = 99CF6B612B5D2DA8006EDB98 /* Project object */;
			proxyType = 1;
			remoteGlobalIDString = 99CF6B682B5D2DA8006EDB98;
			remoteInfo = TaskVision;
		};
		99CF6B862B5D2DA9006EDB98 /* PBXContainerItemProxy */ = {
			isa = PBXContainerItemProxy;
			containerPortal = 99CF6B612B5D2DA8006EDB98 /* Project object */;
			proxyType = 1;
			remoteGlobalIDString = 99CF6B682B5D2DA8006EDB98;
			remoteInfo = TaskVision;
		};
/* End PBXContainerItemProxy section */

/* Begin PBXFileReference section */
		99CF6B692B5D2DA8006EDB98 /* TaskVision.app */ = {isa = PBXFileReference; explicitFileType = wrapper.application; includeInIndex = 0; path = TaskVision.app; sourceTree = BUILT_PRODUCTS_DIR; };
		99CF6B6C2B5D2DA8006EDB98 /* TaskVisionApp.swift */ = {isa = PBXFileReference; lastKnownFileType = sourcecode.swift; path = TaskVisionApp.swift; sourceTree = "<group>"; };
		99CF6B6E2B5D2DA8006EDB98 /* ContentView.swift */ = {isa = PBXFileReference; lastKnownFileType = sourcecode.swift; path = ContentView.swift; sourceTree = "<group>"; };
		99CF6B702B5D2DA8006EDB98 /* Item.swift */ = {isa = PBXFileReference; lastKnownFileType = sourcecode.swift; path = Item.swift; sourceTree = "<group>"; };
		99CF6B722B5D2DA9006EDB98 /* Assets.xcassets */ = {isa = PBXFileReference; lastKnownFileType = folder.assetcatalog; path = Assets.xcassets; sourceTree = "<group>"; };
		99CF6B752B5D2DA9006EDB98 /* Preview Assets.xcassets */ = {isa = PBXFileReference; lastKnownFileType = folder.assetcatalog; path = "Preview Assets.xcassets"; sourceTree = "<group>"; };
		99CF6B7B2B5D2DA9006EDB98 /* TaskVisionTests.xctest */ = {isa = PBXFileReference; explicitFileType = wrapper.cfbundle; includeInIndex = 0; path = TaskVisionTests.xctest; sourceTree = BUILT_PRODUCTS_DIR; };
		99CF6B7F2B5D2DA9006EDB98 /* TaskVisionTests.swift */ = {isa = PBXFileReference; lastKnownFileType = sourcecode.swift; path = TaskVisionTests.swift; sourceTree = "<group>"; };
		99CF6B852B5D2DA9006EDB98 /* TaskVisionUITests.xctest */ = {isa = PBXFileReference; explicitFileType = wrapper.cfbundle; includeInIndex = 0; path = TaskVisionUITests.xctest; sourceTree = BUILT_PRODUCTS_DIR; };
		99CF6B892B5D2DA9006EDB98 /* TaskVisionUITests.swift */ = {isa = PBXFileReference; lastKnownFileType = sourcecode.swift; path = TaskVisionUITests.swift; sourceTree = "<group>"; };
		99CF6B8B2B5D2DA9006EDB98 /* TaskVisionUITestsLaunchTests.swift */ = {isa = PBXFileReference; lastKnownFileType = sourcecode.swift; path = TaskVisionUITestsLaunchTests.swift; sourceTree = "<group>"; };
/* End PBXFileReference section */

/* Begin PBXFrameworksBuildPhase section */
		99CF6B662B5D2DA8006EDB98 /* Frameworks */ = {
			isa = PBXFrameworksBuildPhase;
			buildActionMask = 2147483647;
			files = (
			);
			runOnlyForDeploymentPostprocessing = 0;
		};
		99CF6B782B5D2DA9006EDB98 /* Frameworks */ = {
			isa = PBXFrameworksBuildPhase;
			buildActionMask = 2147483647;
			files = (
			);
			runOnlyForDeploymentPostprocessing = 0;
		};
		99CF6B822B5D2DA9006EDB98 /* Frameworks */ = {
			isa = PBXFrameworksBuildPhase;
			buildActionMask = 2147483647;
			files = (
			);
			runOnlyForDeploymentPostprocessing = 0;
		};
/* End PBXFrameworksBuildPhase section */

/* Begin PBXGroup section */
		99CF6B602B5D2DA8006EDB98 = {
			isa = PBXGroup;
			children = (
				99CF6B6B2B5D2DA8006EDB98 /* TaskVision */,
				99CF6B7E2B5D2DA9006EDB98 /* TaskVisionTests */,
				99CF6B882B5D2DA9006EDB98 /* TaskVisionUITests */,
				99CF6B6A2B5D2DA8006EDB98 /* Products */,
			);
			sourceTree = "<group>";
		};
		99CF6B6A2B5D2DA8006EDB98 /* Products */ = {
			isa = PBXGroup;
			children = (
				99CF6B692B5D2DA8006EDB98 /* TaskVision.app */,
				99CF6B7B2B5D2DA9006EDB98 /* TaskVisionTests.xctest */,
				99CF6B852B5D2DA9006EDB98 /* TaskVisionUITests.xctest */,
			);
			name = Products;
			sourceTree = "<group>";
		};
		99CF6B6B2B5D2DA8006EDB98 /* TaskVision */ = {
			isa = PBXGroup;
			children = (
				99CF6B6C2B5D2DA8006EDB98 /* TaskVisionApp.swift */,
				99CF6B6E2B5D2DA8006EDB98 /* ContentView.swift */,
				99CF6B702B5D2DA8006EDB98 /* Item.swift */,
				99CF6B722B5D2DA9006EDB98 /* Assets.xcassets */,
				99CF6B742B5D2DA9006EDB98 /* Preview Content */,
			);
			path = TaskVision;
			sourceTree = "<group>";
		};
		99CF6B742B5D2DA9006EDB98 /* Preview Content */ = {
			isa = PBXGroup;
			children = (
				99CF6B752B5D2DA9006EDB98 /* Preview Assets.xcassets */,
			);
			path = "Preview Content";
			sourceTree = "<group>";
		};
		99CF6B7E2B5D2DA9006EDB98 /* TaskVisionTests */ = {
			isa = PBXGroup;
			children = (
				99CF6B7F2B5D2DA9006EDB98 /* TaskVisionTests.swift */,
			);
			path = TaskVisionTests;
			sourceTree = "<group>";
		};
		99CF6B882B5D2DA9006EDB98 /* TaskVisionUITests */ = {
			isa = PBXGroup;
			children = (
				99CF6B892B5D2DA9006EDB98 /* TaskVisionUITests.swift */,
				99CF6B8B2B5D2DA9006EDB98 /* TaskVisionUITestsLaunchTests.swift */,
			);
			path = TaskVisionUITests;
			sourceTree = "<group>";
		};
/* End PBXGroup section */

/* Begin PBXNativeTarget section */
		99CF6B682B5D2DA8006EDB98 /* TaskVision */ = {
			isa = PBXNativeTarget;
			buildConfigurationList = 99CF6B8F2B5D2DA9006EDB98 /* Build configuration list for PBXNativeTarget "TaskVision" */;
			buildPhases = (
				99CF6B652B5D2DA8006EDB98 /* Sources */,
				99CF6B662B5D2DA8006EDB98 /* Frameworks */,
				99CF6B672B5D2DA8006EDB98 /* Resources */,
			);
			buildRules = (
			);
			dependencies = (
			);
			name = TaskVision;
			productName = TaskVision;
			productReference = 99CF6B692B5D2DA8006EDB98 /* TaskVision.app */;
			productType = "com.apple.product-type.application";
		};
		99CF6B7A2B5D2DA9006EDB98 /* TaskVisionTests */ = {
			isa = PBXNativeTarget;
			buildConfigurationList = 99CF6B922B5D2DA9006EDB98 /* Build configuration list for PBXNativeTarget "TaskVisionTests" */;
			buildPhases = (
				99CF6B772B5D2DA9006EDB98 /* Sources */,
				99CF6B782B5D2DA9006EDB98 /* Frameworks */,
				99CF6B792B5D2DA9006EDB98 /* Resources */,
			);
			buildRules = (
			);
			dependencies = (
				99CF6B7D2B5D2DA9006EDB98 /* PBXTargetDependency */,
			);
			name = TaskVisionTests;
			productName = TaskVisionTests;
			productReference = 99CF6B7B2B5D2DA9006EDB98 /* TaskVisionTests.xctest */;
			productType = "com.apple.product-type.bundle.unit-test";
		};
		99CF6B842B5D2DA9006EDB98 /* TaskVisionUITests */ = {
			isa = PBXNativeTarget;
			buildConfigurationList = 99CF6B952B5D2DA9006EDB98 /* Build configuration list for PBXNativeTarget "TaskVisionUITests" */;
			buildPhases = (
				99CF6B812B5D2DA9006EDB98 /* Sources */,
				99CF6B822B5D2DA9006EDB98 /* Frameworks */,
				99CF6B832B5D2DA9006EDB98 /* Resources */,
			);
			buildRules = (
			);
			dependencies = (
				99CF6B872B5D2DA9006EDB98 /* PBXTargetDependency */,
			);
			name = TaskVisionUITests;
			productName = TaskVisionUITests;
			productReference = 99CF6B852B5D2DA9006EDB98 /* TaskVisionUITests.xctest */;
			productType = "com.apple.product-type.bundle.ui-testing";
		};
/* End PBXNativeTarget section */

/* Begin PBXProject section */
		99CF6B612B5D2DA8006EDB98 /* Project object */ = {
			isa = PBXProject;
			attributes = {
				BuildIndependentTargetsInParallel = 1;
				LastSwiftUpdateCheck = 1520;
				LastUpgradeCheck = 1520;
				TargetAttributes = {
					99CF6B682B5D2DA8006EDB98 = {
						CreatedOnToolsVersion = 15.2;
					};
					99CF6B7A2B5D2DA9006EDB98 = {
						CreatedOnToolsVersion = 15.2;
						TestTargetID = 99CF6B682B5D2DA8006EDB98;
					};
					99CF6B842B5D2DA9006EDB98 = {
						CreatedOnToolsVersion = 15.2;
						TestTargetID = 99CF6B682B5D2DA8006EDB98;
					};
				};
			};
			buildConfigurationList = 99CF6B642B5D2DA8006EDB98 /* Build configuration list for PBXProject "TaskVision" */;
			compatibilityVersion = "Xcode 14.0";
			developmentRegion = en;
			hasScannedForEncodings = 0;
			knownRegions = (
				en,
				Base,
			);
			mainGroup = 99CF6B602B5D2DA8006EDB98;
			productRefGroup = 99CF6B6A2B5D2DA8006EDB98 /* Products */;
			projectDirPath = "";
			projectRoot = "";
			targets = (
				99CF6B682B5D2DA8006EDB98 /* TaskVision */,
				99CF6B7A2B5D2DA9006EDB98 /* TaskVisionTests */,
				99CF6B842B5D2DA9006EDB98 /* TaskVisionUITests */,
			);
		};
/* End PBXProject section */

/* Begin PBXResourcesBuildPhase section */
		99CF6B672B5D2DA8006EDB98 /* Resources */ = {
			isa = PBXResourcesBuildPhase;
			buildActionMask = 2147483647;
			files = (
				99CF6B762B5D2DA9006EDB98 /* Preview Assets.xcassets in Resources */,
				99CF6B732B5D2DA9006EDB98 /* Assets.xcassets in Resources */,
			);
			runOnlyForDeploymentPostprocessing = 0;
		};
		99CF6B792B5D2DA9006EDB98 /* Resources */ = {
			isa = PBXResourcesBuildPhase;
			buildActionMask = 2147483647;
			files = (
			);
			runOnlyForDeploymentPostprocessing = 0;
		};
		99CF6B832B5D2DA9006EDB98 /* Resources */ = {
			isa = PBXResourcesBuildPhase;
			buildActionMask = 2147483647;
			files = (
			);
			runOnlyForDeploymentPostprocessing = 0;
		};
/* End PBXResourcesBuildPhase section */

/* Begin PBXSourcesBuildPhase section */
		99CF6B652B5D2DA8006EDB98 /* Sources */ = {
			isa = PBXSourcesBuildPhase;
			buildActionMask = 2147483647;
			files = (
				99CF6B6F2B5D2DA8006EDB98 /* ContentView.swift in Sources */,
				99CF6B712B5D2DA8006EDB98 /* Item.swift in Sources */,
				99CF6B6D2B5D2DA8006EDB98 /* TaskVisionApp.swift in Sources */,
			);
			runOnlyForDeploymentPostprocessing = 0;
		};
		99CF6B772B5D2DA9006EDB98 /* Sources */ = {
			isa = PBXSourcesBuildPhase;
			buildActionMask = 2147483647;
			files = (
				99CF6B802B5D2DA9006EDB98 /* TaskVisionTests.swift in Sources */,
			);
			runOnlyForDeploymentPostprocessing = 0;
		};
		99CF6B812B5D2DA9006EDB98 /* Sources */ = {
			isa = PBXSourcesBuildPhase;
			buildActionMask = 2147483647;
			files = (
				99CF6B8A2B5D2DA9006EDB98 /* TaskVisionUITests.swift in Sources */,
				99CF6B8C2B5D2DA9006EDB98 /* TaskVisionUITestsLaunchTests.swift in Sources */,
			);
			runOnlyForDeploymentPostprocessing = 0;
		};
/* End PBXSourcesBuildPhase section */

/* Begin PBXTargetDependency section */
		99CF6B7D2B5D2DA9006EDB98 /* PBXTargetDependency */ = {
			isa = PBXTargetDependency;
			target = 99CF6B682B5D2DA8006EDB98 /* TaskVision */;
			targetProxy = 99CF6B7C2B5D2DA9006EDB98 /* PBXContainerItemProxy */;
		};
		99CF6B872B5D2DA9006EDB98 /* PBXTargetDependency */ = {
			isa = PBXTargetDependency;
			target = 99CF6B682B5D2DA8006EDB98 /* TaskVision */;
			targetProxy = 99CF6B862B5D2DA9006EDB98 /* PBXContainerItemProxy */;
		};
/* End PBXTargetDependency section */

/* Begin XCBuildConfiguration section */
		99CF6B8D2B5D2DA9006EDB98 /* Debug */ = {
			isa = XCBuildConfiguration;
			buildSettings = {
				ALWAYS_SEARCH_USER_PATHS = NO;
				ASSETCATALOG_COMPILER_GENERATE_SWIFT_ASSET_SYMBOL_EXTENSIONS = YES;
				CLANG_ANALYZER_NONNULL = YES;
				CLANG_ANALYZER_NUMBER_OBJECT_CONVERSION = YES_AGGRESSIVE;
				CLANG_CXX_LANGUAGE_STANDARD = "gnu++20";
				CLANG_ENABLE_MODULES = YES;
				CLANG_ENABLE_OBJC_ARC = YES;
				CLANG_ENABLE_OBJC_WEAK = YES;
				CLANG_WARN_BLOCK_CAPTURE_AUTORELEASING = YES;
				CLANG_WARN_BOOL_CONVERSION = YES;
				CLANG_WARN_COMMA = YES;
				CLANG_WARN_CONSTANT_CONVERSION = YES;
				CLANG_WARN_DEPRECATED_OBJC_IMPLEMENTATIONS = YES;
				CLANG_WARN_DIRECT_OBJC_ISA_USAGE = YES_ERROR;
				CLANG_WARN_DOCUMENTATION_COMMENTS = YES;
				CLANG_WARN_EMPTY_BODY = YES;
				CLANG_WARN_ENUM_CONVERSION = YES;
				CLANG_WARN_INFINITE_RECURSION = YES;
				CLANG_WARN_INT_CONVERSION = YES;
				CLANG_WARN_NON_LITERAL_NULL_CONVERSION = YES;
				CLANG_WARN_OBJC_IMPLICIT_RETAIN_SELF = YES;
				CLANG_WARN_OBJC_LITERAL_CONVERSION = YES;
				CLANG_WARN_OBJC_ROOT_CLASS = YES_ERROR;
				CLANG_WARN_QUOTED_INCLUDE_IN_FRAMEWORK_HEADER = YES;
				CLANG_WARN_RANGE_LOOP_ANALYSIS = YES;
				CLANG_WARN_STRICT_PROTOTYPES = YES;
				CLANG_WARN_SUSPICIOUS_MOVE = YES;
				CLANG_WARN_UNGUARDED_AVAILABILITY = YES_AGGRESSIVE;
				CLANG_WARN_UNREACHABLE_CODE = YES;
				CLANG_WARN__DUPLICATE_METHOD_MATCH = YES;
				COPY_PHASE_STRIP = NO;
				DEBUG_INFORMATION_FORMAT = dwarf;
				ENABLE_STRICT_OBJC_MSGSEND = YES;
				ENABLE_TESTABILITY = YES;
				ENABLE_USER_SCRIPT_SANDBOXING = YES;
				GCC_C_LANGUAGE_STANDARD = gnu17;
				GCC_DYNAMIC_NO_PIC = NO;
				GCC_NO_COMMON_BLOCKS = YES;
				GCC_OPTIMIZATION_LEVEL = 0;
				GCC_PREPROCESSOR_DEFINITIONS = (
					"DEBUG=1",
					"$(inherited)",
				);
				GCC_WARN_64_TO_32_BIT_CONVERSION = YES;
				GCC_WARN_ABOUT_RETURN_TYPE = YES_ERROR;
				GCC_WARN_UNDECLARED_SELECTOR = YES;
				GCC_WARN_UNINITIALIZED_AUTOS = YES_AGGRESSIVE;
				GCC_WARN_UNUSED_FUNCTION = YES;
				GCC_WARN_UNUSED_VARIABLE = YES;
				IPHONEOS_DEPLOYMENT_TARGET = 17.2;
				LOCALIZATION_PREFERS_STRING_CATALOGS = YES;
				MTL_ENABLE_DEBUG_INFO = INCLUDE_SOURCE;
				MTL_FAST_MATH = YES;
				ONLY_ACTIVE_ARCH = YES;
				SDKROOT = iphoneos;
				SWIFT_ACTIVE_COMPILATION_CONDITIONS = "DEBUG $(inherited)";
				SWIFT_OPTIMIZATION_LEVEL = "-Onone";
			};
			name = Debug;
		};
		99CF6B8E2B5D2DA9006EDB98 /* Release */ = {
			isa = XCBuildConfiguration;
			buildSettings = {
				ALWAYS_SEARCH_USER_PATHS = NO;
				ASSETCATALOG_COMPILER_GENERATE_SWIFT_ASSET_SYMBOL_EXTENSIONS = YES;
				CLANG_ANALYZER_NONNULL = YES;
				CLANG_ANALYZER_NUMBER_OBJECT_CONVERSION = YES_AGGRESSIVE;
				CLANG_CXX_LANGUAGE_STANDARD = "gnu++20";
				CLANG_ENABLE_MODULES = YES;
				CLANG_ENABLE_OBJC_ARC = YES;
				CLANG_ENABLE_OBJC_WEAK = YES;
				CLANG_WARN_BLOCK_CAPTURE_AUTORELEASING = YES;
				CLANG_WARN_BOOL_CONVERSION = YES;
				CLANG_WARN_COMMA = YES;
				CLANG_WARN_CONSTANT_CONVERSION = YES;
				CLANG_WARN_DEPRECATED_OBJC_IMPLEMENTATIONS = YES;
				CLANG_WARN_DIRECT_OBJC_ISA_USAGE = YES_ERROR;
				CLANG_WARN_DOCUMENTATION_COMMENTS = YES;
				CLANG_WARN_EMPTY_BODY = YES;
				CLANG_WARN_ENUM_CONVERSION = YES;
				CLANG_WARN_INFINITE_RECURSION = YES;
				CLANG_WARN_INT_CONVERSION = YES;
				CLANG_WARN_NON_LITERAL_NULL_CONVERSION = YES;
				CLANG_WARN_OBJC_IMPLICIT_RETAIN_SELF = YES;
				CLANG_WARN_OBJC_LITERAL_CONVERSION = YES;
				CLANG_WARN_OBJC_ROOT_CLASS = YES_ERROR;
				CLANG_WARN_QUOTED_INCLUDE_IN_FRAMEWORK_HEADER = YES;
				CLANG_WARN_RANGE_LOOP_ANALYSIS = YES;
				CLANG_WARN_STRICT_PROTOTYPES = YES;
				CLANG_WARN_SUSPICIOUS_MOVE = YES;
				CLANG_WARN_UNGUARDED_AVAILABILITY = YES_AGGRESSIVE;
				CLANG_WARN_UNREACHABLE_CODE = YES;
				CLANG_WARN__DUPLICATE_METHOD_MATCH = YES;
				COPY_PHASE_STRIP = NO;
				DEBUG_INFORMATION_FORMAT = "dwarf-with-dsym";
				ENABLE_NS_ASSERTIONS = NO;
				ENABLE_STRICT_OBJC_MSGSEND = YES;
				ENABLE_USER_SCRIPT_SANDBOXING = YES;
				GCC_C_LANGUAGE_STANDARD = gnu17;
				GCC_NO_COMMON_BLOCKS = YES;
				GCC_WARN_64_TO_32_BIT_CONVERSION = YES;
				GCC_WARN_ABOUT_RETURN_TYPE = YES_ERROR;
				GCC_WARN_UNDECLARED_SELECTOR = YES;
				GCC_WARN_UNINITIALIZED_AUTOS = YES_AGGRESSIVE;
				GCC_WARN_UNUSED_FUNCTION = YES;
				GCC_WARN_UNUSED_VARIABLE = YES;
				IPHONEOS_DEPLOYMENT_TARGET = 17.2;
				LOCALIZATION_PREFERS_STRING_CATALOGS = YES;
				MTL_ENABLE_DEBUG_INFO = NO;
				MTL_FAST_MATH = YES;
				SDKROOT = iphoneos;
				SWIFT_COMPILATION_MODE = wholemodule;
				VALIDATE_PRODUCT = YES;
			};
			name = Release;
		};
		99CF6B902B5D2DA9006EDB98 /* Debug */ = {
			isa = XCBuildConfiguration;
			buildSettings = {
				ASSETCATALOG_COMPILER_APPICON_NAME = AppIcon;
				ASSETCATALOG_COMPILER_GLOBAL_ACCENT_COLOR_NAME = AccentColor;
				CODE_SIGN_STYLE = Automatic;
				CURRENT_PROJECT_VERSION = 1;
				DEVELOPMENT_ASSET_PATHS = "\"TaskVision/Preview Content\"";
				DEVELOPMENT_TEAM = A5PNFW5LM9;
				ENABLE_PREVIEWS = YES;
				GENERATE_INFOPLIST_FILE = YES;
				INFOPLIST_KEY_UIApplicationSceneManifest_Generation = YES;
				INFOPLIST_KEY_UIApplicationSupportsIndirectInputEvents = YES;
				INFOPLIST_KEY_UILaunchScreen_Generation = YES;
				INFOPLIST_KEY_UISupportedInterfaceOrientations_iPad = "UIInterfaceOrientationPortrait UIInterfaceOrientationPortraitUpsideDown UIInterfaceOrientationLandscapeLeft UIInterfaceOrientationLandscapeRight";
				INFOPLIST_KEY_UISupportedInterfaceOrientations_iPhone = "UIInterfaceOrientationPortrait UIInterfaceOrientationLandscapeLeft UIInterfaceOrientationLandscapeRight";
				LD_RUNPATH_SEARCH_PATHS = (
					"$(inherited)",
					"@executable_path/Frameworks",
				);
				MARKETING_VERSION = 1.0;
				PRODUCT_BUNDLE_IDENTIFIER = com.TaskVision;
				PRODUCT_NAME = "$(TARGET_NAME)";
				SWIFT_EMIT_LOC_STRINGS = YES;
				SWIFT_VERSION = 5.0;
				TARGETED_DEVICE_FAMILY = "1,2";
			};
			name = Debug;
		};
		99CF6B912B5D2DA9006EDB98 /* Release */ = {
			isa = XCBuildConfiguration;
			buildSettings = {
				ASSETCATALOG_COMPILER_APPICON_NAME = AppIcon;
				ASSETCATALOG_COMPILER_GLOBAL_ACCENT_COLOR_NAME = AccentColor;
				CODE_SIGN_STYLE = Automatic;
				CURRENT_PROJECT_VERSION = 1;
				DEVELOPMENT_ASSET_PATHS = "\"TaskVision/Preview Content\"";
				DEVELOPMENT_TEAM = A5PNFW5LM9;
				ENABLE_PREVIEWS = YES;
				GENERATE_INFOPLIST_FILE = YES;
				INFOPLIST_KEY_UIApplicationSceneManifest_Generation = YES;
				INFOPLIST_KEY_UIApplicationSupportsIndirectInputEvents = YES;
				INFOPLIST_KEY_UILaunchScreen_Generation = YES;
				INFOPLIST_KEY_UISupportedInterfaceOrientations_iPad = "UIInterfaceOrientationPortrait UIInterfaceOrientationPortraitUpsideDown UIInterfaceOrientationLandscapeLeft UIInterfaceOrientationLandscapeRight";
				INFOPLIST_KEY_UISupportedInterfaceOrientations_iPhone = "UIInterfaceOrientationPortrait UIInterfaceOrientationLandscapeLeft UIInterfaceOrientationLandscapeRight";
				LD_RUNPATH_SEARCH_PATHS = (
					"$(inherited)",
					"@executable_path/Frameworks",
				);
				MARKETING_VERSION = 1.0;
				PRODUCT_BUNDLE_IDENTIFIER = com.TaskVision;
				PRODUCT_NAME = "$(TARGET_NAME)";
				SWIFT_EMIT_LOC_STRINGS = YES;
				SWIFT_VERSION = 5.0;
				TARGETED_DEVICE_FAMILY = "1,2";
			};
			name = Release;
		};
		99CF6B932B5D2DA9006EDB98 /* Debug */ = {
			isa = XCBuildConfiguration;
			buildSettings = {
				ALWAYS_EMBED_SWIFT_STANDARD_LIBRARIES = YES;
				BUNDLE_LOADER = "$(TEST_HOST)";
				CODE_SIGN_STYLE = Automatic;
				CURRENT_PROJECT_VERSION = 1;
				DEVELOPMENT_TEAM = A5PNFW5LM9;
				GENERATE_INFOPLIST_FILE = YES;
				IPHONEOS_DEPLOYMENT_TARGET = 17.2;
				MARKETING_VERSION = 1.0;
				PRODUCT_BUNDLE_IDENTIFIER = com.TaskVisionTests;
				PRODUCT_NAME = "$(TARGET_NAME)";
				SWIFT_EMIT_LOC_STRINGS = NO;
				SWIFT_VERSION = 5.0;
				TARGETED_DEVICE_FAMILY = "1,2";
				TEST_HOST = "$(BUILT_PRODUCTS_DIR)/TaskVision.app/$(BUNDLE_EXECUTABLE_FOLDER_PATH)/TaskVision";
			};
			name = Debug;
		};
		99CF6B942B5D2DA9006EDB98 /* Release */ = {
			isa = XCBuildConfiguration;
			buildSettings = {
				ALWAYS_EMBED_SWIFT_STANDARD_LIBRARIES = YES;
				BUNDLE_LOADER = "$(TEST_HOST)";
				CODE_SIGN_STYLE = Automatic;
				CURRENT_PROJECT_VERSION = 1;
				DEVELOPMENT_TEAM = A5PNFW5LM9;
				GENERATE_INFOPLIST_FILE = YES;
				IPHONEOS_DEPLOYMENT_TARGET = 17.2;
				MARKETING_VERSION = 1.0;
				PRODUCT_BUNDLE_IDENTIFIER = com.TaskVisionTests;
				PRODUCT_NAME = "$(TARGET_NAME)";
				SWIFT_EMIT_LOC_STRINGS = NO;
				SWIFT_VERSION = 5.0;
				TARGETED_DEVICE_FAMILY = "1,2";
				TEST_HOST = "$(BUILT_PRODUCTS_DIR)/TaskVision.app/$(BUNDLE_EXECUTABLE_FOLDER_PATH)/TaskVision";
			};
			name = Release;
		};
		99CF6B962B5D2DA9006EDB98 /* Debug */ = {
			isa = XCBuildConfiguration;
			buildSettings = {
				ALWAYS_EMBED_SWIFT_STANDARD_LIBRARIES = YES;
				CODE_SIGN_STYLE = Automatic;
				CURRENT_PROJECT_VERSION = 1;
				DEVELOPMENT_TEAM = A5PNFW5LM9;
				GENERATE_INFOPLIST_FILE = YES;
				MARKETING_VERSION = 1.0;
				PRODUCT_BUNDLE_IDENTIFIER = com.TaskVisionUITests;
				PRODUCT_NAME = "$(TARGET_NAME)";
				SWIFT_EMIT_LOC_STRINGS = NO;
				SWIFT_VERSION = 5.0;
				TARGETED_DEVICE_FAMILY = "1,2";
				TEST_TARGET_NAME = TaskVision;
			};
			name = Debug;
		};
		99CF6B972B5D2DA9006EDB98 /* Release */ = {
			isa = XCBuildConfiguration;
			buildSettings = {
				ALWAYS_EMBED_SWIFT_STANDARD_LIBRARIES = YES;
				CODE_SIGN_STYLE = Automatic;
				CURRENT_PROJECT_VERSION = 1;
				DEVELOPMENT_TEAM = A5PNFW5LM9;
				GENERATE_INFOPLIST_FILE = YES;
				MARKETING_VERSION = 1.0;
				PRODUCT_BUNDLE_IDENTIFIER = com.TaskVisionUITests;
				PRODUCT_NAME = "$(TARGET_NAME)";
				SWIFT_EMIT_LOC_STRINGS = NO;
				SWIFT_VERSION = 5.0;
				TARGETED_DEVICE_FAMILY = "1,2";
				TEST_TARGET_NAME = TaskVision;
			};
			name = Release;
		};
/* End XCBuildConfiguration section */

/* Begin XCConfigurationList section */
		99CF6B642B5D2DA8006EDB98 /* Build configuration list for PBXProject "TaskVision" */ = {
			isa = XCConfigurationList;
			buildConfigurations = (
				99CF6B8D2B5D2DA9006EDB98 /* Debug */,
				99CF6B8E2B5D2DA9006EDB98 /* Release */,
			);
			defaultConfigurationIsVisible = 0;
			defaultConfigurationName = Release;
		};
		99CF6B8F2B5D2DA9006EDB98 /* Build configuration list for PBXNativeTarget "TaskVision" */ = {
			isa = XCConfigurationList;
			buildConfigurations = (
				99CF6B902B5D2DA9006EDB98 /* Debug */,
				99CF6B912B5D2DA9006EDB98 /* Release */,
			);
			defaultConfigurationIsVisible = 0;
			defaultConfigurationName = Release;
		};
		99CF6B922B5D2DA9006EDB98 /* Build configuration list for PBXNativeTarget "TaskVisionTests" */ = {
			isa = XCConfigurationList;
			buildConfigurations = (
				99CF6B932B5D2DA9006EDB98 /* Debug */,
				99CF6B942B5D2DA9006EDB98 /* Release */,
			);
			defaultConfigurationIsVisible = 0;
			defaultConfigurationName = Release;
		};
		99CF6B952B5D2DA9006EDB98 /* Build configuration list for PBXNativeTarget "TaskVisionUITests" */ = {
			isa = XCConfigurationList;
			buildConfigurations = (
				99CF6B962B5D2DA9006EDB98 /* Debug */,
				99CF6B972B5D2DA9006EDB98 /* Release */,
			);
			defaultConfigurationIsVisible = 0;
			defaultConfigurationName = Release;
		};
/* End XCConfigurationList section */
	};
	rootObject = 99CF6B612B5D2DA8006EDB98 /* Project object */;
}
